// !$*UTF8*$!
{
	archiveVersion = 1;
	classes = {
	};
	objectVersion = 50;
	objects = {

/* Begin PBXBuildFile section */
		BF8428E62527454E003BC746 /* AppDelegate.swift in Sources */ = {isa = PBXBuildFile; fileRef = BF8428E52527454E003BC746 /* AppDelegate.swift */; };
		BF8428E82527454E003BC746 /* SceneDelegate.swift in Sources */ = {isa = PBXBuildFile; fileRef = BF8428E72527454E003BC746 /* SceneDelegate.swift */; };
		BF8428EA2527454E003BC746 /* ViewController.swift in Sources */ = {isa = PBXBuildFile; fileRef = BF8428E92527454E003BC746 /* ViewController.swift */; };
		BF8428ED2527454E003BC746 /* Main.storyboard in Resources */ = {isa = PBXBuildFile; fileRef = BF8428EB2527454E003BC746 /* Main.storyboard */; };
		BF8428EF25274558003BC746 /* Assets.xcassets in Resources */ = {isa = PBXBuildFile; fileRef = BF8428EE25274558003BC746 /* Assets.xcassets */; };
		BF8428F225274558003BC746 /* LaunchScreen.storyboard in Resources */ = {isa = PBXBuildFile; fileRef = BF8428F025274558003BC746 /* LaunchScreen.storyboard */; };
		BF8428FB25274599003BC746 /* ModalViewController.swift in Sources */ = {isa = PBXBuildFile; fileRef = BF8428FA25274599003BC746 /* ModalViewController.swift */; };
		BF8428FE252745BB003BC746 /* PresentationController.swift in Sources */ = {isa = PBXBuildFile; fileRef = BF8428FD252745BB003BC746 /* PresentationController.swift */; };
/* End PBXBuildFile section */

/* Begin PBXFileReference section */
		BF8428E22527454E003BC746 /* 295368_PresentationController.app */ = {isa = PBXFileReference; explicitFileType = wrapper.application; includeInIndex = 0; path = 295368_PresentationController.app; sourceTree = BUILT_PRODUCTS_DIR; };
		BF8428E52527454E003BC746 /* AppDelegate.swift */ = {isa = PBXFileReference; lastKnownFileType = sourcecode.swift; path = AppDelegate.swift; sourceTree = "<group>"; };
		BF8428E72527454E003BC746 /* SceneDelegate.swift */ = {isa = PBXFileReference; lastKnownFileType = sourcecode.swift; path = SceneDelegate.swift; sourceTree = "<group>"; };
		BF8428E92527454E003BC746 /* ViewController.swift */ = {isa = PBXFileReference; lastKnownFileType = sourcecode.swift; path = ViewController.swift; sourceTree = "<group>"; };
		BF8428EC2527454E003BC746 /* Base */ = {isa = PBXFileReference; lastKnownFileType = file.storyboard; name = Base; path = Base.lproj/Main.storyboard; sourceTree = "<group>"; };
		BF8428EE25274558003BC746 /* Assets.xcassets */ = {isa = PBXFileReference; lastKnownFileType = folder.assetcatalog; path = Assets.xcassets; sourceTree = "<group>"; };
		BF8428F125274558003BC746 /* Base */ = {isa = PBXFileReference; lastKnownFileType = file.storyboard; name = Base; path = Base.lproj/LaunchScreen.storyboard; sourceTree = "<group>"; };
		BF8428F325274558003BC746 /* Info.plist */ = {isa = PBXFileReference; lastKnownFileType = text.plist.xml; path = Info.plist; sourceTree = "<group>"; };
		BF8428FA25274599003BC746 /* ModalViewController.swift */ = {isa = PBXFileReference; lastKnownFileType = sourcecode.swift; path = ModalViewController.swift; sourceTree = "<group>"; };
		BF8428FD252745BB003BC746 /* PresentationController.swift */ = {isa = PBXFileReference; lastKnownFileType = sourcecode.swift; path = PresentationController.swift; sourceTree = "<group>"; };
/* End PBXFileReference section */

/* Begin PBXFrameworksBuildPhase section */
		BF8428DF2527454E003BC746 /* Frameworks */ = {
			isa = PBXFrameworksBuildPhase;
			buildActionMask = 2147483647;
			files = (
			);
			runOnlyForDeploymentPostprocessing = 0;
		};
/* End PBXFrameworksBuildPhase section */

/* Begin PBXGroup section */
		BF8428D92527454E003BC746 = {
			isa = PBXGroup;
			children = (
				BF8428E42527454E003BC746 /* 295368_PresentationController */,
				BF8428E32527454E003BC746 /* Products */,
			);
			sourceTree = "<group>";
		};
		BF8428E32527454E003BC746 /* Products */ = {
			isa = PBXGroup;
			children = (
				BF8428E22527454E003BC746 /* 295368_PresentationController.app */,
			);
			name = Products;
			sourceTree = "<group>";
		};
		BF8428E42527454E003BC746 /* 295368_PresentationController */ = {
			isa = PBXGroup;
			children = (
				BF8428E52527454E003BC746 /* AppDelegate.swift */,
				BF8428E72527454E003BC746 /* SceneDelegate.swift */,
				BF8428E92527454E003BC746 /* ViewController.swift */,
				BF8428EB2527454E003BC746 /* Main.storyboard */,
				BF8428EE25274558003BC746 /* Assets.xcassets */,
				BF8428F025274558003BC746 /* LaunchScreen.storyboard */,
				BF8428F325274558003BC746 /* Info.plist */,
				BF8428FA25274599003BC746 /* ModalViewController.swift */,
				BF8428FD252745BB003BC746 /* PresentationController.swift */,
			);
			path = 295368_PresentationController;
			sourceTree = "<group>";
		};
/* End PBXGroup section */

/* Begin PBXNativeTarget section */
		BF8428E12527454E003BC746 /* 295368_PresentationController */ = {
			isa = PBXNativeTarget;
			buildConfigurationList = BF8428F625274558003BC746 /* Build configuration list for PBXNativeTarget "295368_PresentationController" */;
			buildPhases = (
				BF8428DE2527454E003BC746 /* Sources */,
				BF8428DF2527454E003BC746 /* Frameworks */,
				BF8428E02527454E003BC746 /* Resources */,
			);
			buildRules = (
			);
			dependencies = (
			);
			name = 295368_PresentationController;
			productName = 295368_PresentationController;
			productReference = BF8428E22527454E003BC746 /* 295368_PresentationController.app */;
			productType = "com.apple.product-type.application";
		};
/* End PBXNativeTarget section */

/* Begin PBXProject section */
		BF8428DA2527454E003BC746 /* Project object */ = {
			isa = PBXProject;
			attributes = {
				LastSwiftUpdateCheck = 1200;
				LastUpgradeCheck = 1200;
				TargetAttributes = {
					BF8428E12527454E003BC746 = {
						CreatedOnToolsVersion = 12.0.1;
					};
				};
			};
			buildConfigurationList = BF8428DD2527454E003BC746 /* Build configuration list for PBXProject "295368_PresentationController" */;
			compatibilityVersion = "Xcode 9.3";
			developmentRegion = en;
			hasScannedForEncodings = 0;
			knownRegions = (
				en,
				Base,
			);
			mainGroup = BF8428D92527454E003BC746;
			productRefGroup = BF8428E32527454E003BC746 /* Products */;
			projectDirPath = "";
			projectRoot = "";
			targets = (
				BF8428E12527454E003BC746 /* 295368_PresentationController */,
			);
		};
/* End PBXProject section */

/* Begin PBXResourcesBuildPhase section */
		BF8428E02527454E003BC746 /* Resources */ = {
			isa = PBXResourcesBuildPhase;
			buildActionMask = 2147483647;
			files = (
				BF8428F225274558003BC746 /* LaunchScreen.storyboard in Resources */,
				BF8428EF25274558003BC746 /* Assets.xcassets in Resources */,
				BF8428ED2527454E003BC746 /* Main.storyboard in Resources */,
			);
			runOnlyForDeploymentPostprocessing = 0;
		};
/* End PBXResourcesBuildPhase section */

/* Begin PBXSourcesBuildPhase section */
		BF8428DE2527454E003BC746 /* Sources */ = {
			isa = PBXSourcesBuildPhase;
			buildActionMask = 2147483647;
			files = (
				BF8428FB25274599003BC746 /* ModalViewController.swift in Sources */,
				BF8428EA2527454E003BC746 /* ViewController.swift in Sources */,
				BF8428E62527454E003BC746 /* AppDelegate.swift in Sources */,
				BF8428E82527454E003BC746 /* SceneDelegate.swift in Sources */,
				BF8428FE252745BB003BC746 /* PresentationController.swift in Sources */,
			);
			runOnlyForDeploymentPostprocessing = 0;
		};
/* End PBXSourcesBuildPhase section */

/* Begin PBXVariantGroup section */
		BF8428EB2527454E003BC746 /* Main.storyboard */ = {
			isa = PBXVariantGroup;
			children = (
				BF8428EC2527454E003BC746 /* Base */,
			);
			name = Main.storyboard;
			sourceTree = "<group>";
		};
		BF8428F025274558003BC746 /* LaunchScreen.storyboard */ = {
			isa = PBXVariantGroup;
			children = (
				BF8428F125274558003BC746 /* Base */,
			);
			name = LaunchScreen.storyboard;
			sourceTree = "<group>";
		};
/* End PBXVariantGroup section */

/* Begin XCBuildConfiguration section */
		BF8428F425274558003BC746 /* Debug */ = {
			isa = XCBuildConfiguration;
			buildSettings = {
				ALWAYS_SEARCH_USER_PATHS = NO;
				CLANG_ANALYZER_NONNULL = YES;
				CLANG_ANALYZER_NUMBER_OBJECT_CONVERSION = YES_AGGRESSIVE;
				CLANG_CXX_LANGUAGE_STANDARD = "gnu++14";
				CLANG_CXX_LIBRARY = "libc++";
				CLANG_ENABLE_MODULES = YES;
				CLANG_ENABLE_OBJC_ARC = YES;
				CLANG_ENABLE_OBJC_WEAK = YES;
				CLANG_WARN_BLOCK_CAPTURE_AUTORELEASING = YES;
				CLANG_WARN_BOOL_CONVERSION = YES;
				CLANG_WARN_COMMA = YES;
				CLANG_WARN_CONSTANT_CONVERSION = YES;
				CLANG_WARN_DEPRECATED_OBJC_IMPLEMENTATIONS = YES;
				CLANG_WARN_DIRECT_OBJC_ISA_USAGE = YES_ERROR;
				CLANG_WARN_DOCUMENTATION_COMMENTS = YES;
				CLANG_WARN_EMPTY_BODY = YES;
				CLANG_WARN_ENUM_CONVERSION = YES;
				CLANG_WARN_INFINITE_RECURSION = YES;
				CLANG_WARN_INT_CONVERSION = YES;
				CLANG_WARN_NON_LITERAL_NULL_CONVERSION = YES;
				CLANG_WARN_OBJC_IMPLICIT_RETAIN_SELF = YES;
				CLANG_WARN_OBJC_LITERAL_CONVERSION = YES;
				CLANG_WARN_OBJC_ROOT_CLASS = YES_ERROR;
				CLANG_WARN_QUOTED_INCLUDE_IN_FRAMEWORK_HEADER = YES;
				CLANG_WARN_RANGE_LOOP_ANALYSIS = YES;
				CLANG_WARN_STRICT_PROTOTYPES = YES;
				CLANG_WARN_SUSPICIOUS_MOVE = YES;
				CLANG_WARN_UNGUARDED_AVAILABILITY = YES_AGGRESSIVE;
				CLANG_WARN_UNREACHABLE_CODE = YES;
				CLANG_WARN__DUPLICATE_METHOD_MATCH = YES;
				COPY_PHASE_STRIP = NO;
				DEBUG_INFORMATION_FORMAT = dwarf;
				ENABLE_STRICT_OBJC_MSGSEND = YES;
				ENABLE_TESTABILITY = YES;
				GCC_C_LANGUAGE_STANDARD = gnu11;
				GCC_DYNAMIC_NO_PIC = NO;
				GCC_NO_COMMON_BLOCKS = YES;
				GCC_OPTIMIZATION_LEVEL = 0;
				GCC_PREPROCESSOR_DEFINITIONS = (
					"DEBUG=1",
					"$(inherited)",
				);
				GCC_WARN_64_TO_32_BIT_CONVERSION = YES;
				GCC_WARN_ABOUT_RETURN_TYPE = YES_ERROR;
				GCC_WARN_UNDECLARED_SELECTOR = YES;
				GCC_WARN_UNINITIALIZED_AUTOS = YES_AGGRESSIVE;
				GCC_WARN_UNUSED_FUNCTION = YES;
				GCC_WARN_UNUSED_VARIABLE = YES;
				IPHONEOS_DEPLOYMENT_TARGET = 14.0;
				MTL_ENABLE_DEBUG_INFO = INCLUDE_SOURCE;
				MTL_FAST_MATH = YES;
				ONLY_ACTIVE_ARCH = YES;
				SDKROOT = iphoneos;
				SWIFT_ACTIVE_COMPILATION_CONDITIONS = DEBUG;
				SWIFT_OPTIMIZATION_LEVEL = "-Onone";
			};
			name = Debug;
		};
		BF8428F525274558003BC746 /* Release */ = {
			isa = XCBuildConfiguration;
			buildSettings = {
				ALWAYS_SEARCH_USER_PATHS = NO;
				CLANG_ANALYZER_NONNULL = YES;
				CLANG_ANALYZER_NUMBER_OBJECT_CONVERSION = YES_AGGRESSIVE;
				CLANG_CXX_LANGUAGE_STANDARD = "gnu++14";
				CLANG_CXX_LIBRARY = "libc++";
				CLANG_ENABLE_MODULES = YES;
				CLANG_ENABLE_OBJC_ARC = YES;
				CLANG_ENABLE_OBJC_WEAK = YES;
				CLANG_WARN_BLOCK_CAPTURE_AUTORELEASING = YES;
				CLANG_WARN_BOOL_CONVERSION = YES;
				CLANG_WARN_COMMA = YES;
				CLANG_WARN_CONSTANT_CONVERSION = YES;
				CLANG_WARN_DEPRECATED_OBJC_IMPLEMENTATIONS = YES;
				CLANG_WARN_DIRECT_OBJC_ISA_USAGE = YES_ERROR;
				CLANG_WARN_DOCUMENTATION_COMMENTS = YES;
				CLANG_WARN_EMPTY_BODY = YES;
				CLANG_WARN_ENUM_CONVERSION = YES;
				CLANG_WARN_INFINITE_RECURSION = YES;
				CLANG_WARN_INT_CONVERSION = YES;
				CLANG_WARN_NON_LITERAL_NULL_CONVERSION = YES;
				CLANG_WARN_OBJC_IMPLICIT_RETAIN_SELF = YES;
				CLANG_WARN_OBJC_LITERAL_CONVERSION = YES;
				CLANG_WARN_OBJC_ROOT_CLASS = YES_ERROR;
				CLANG_WARN_QUOTED_INCLUDE_IN_FRAMEWORK_HEADER = YES;
				CLANG_WARN_RANGE_LOOP_ANALYSIS = YES;
				CLANG_WARN_STRICT_PROTOTYPES = YES;
				CLANG_WARN_SUSPICIOUS_MOVE = YES;
				CLANG_WARN_UNGUARDED_AVAILABILITY = YES_AGGRESSIVE;
				CLANG_WARN_UNREACHABLE_CODE = YES;
				CLANG_WARN__DUPLICATE_METHOD_MATCH = YES;
				COPY_PHASE_STRIP = NO;
				DEBUG_INFORMATION_FORMAT = "dwarf-with-dsym";
				ENABLE_NS_ASSERTIONS = NO;
				ENABLE_STRICT_OBJC_MSGSEND = YES;
				GCC_C_LANGUAGE_STANDARD = gnu11;
				GCC_NO_COMMON_BLOCKS = YES;
				GCC_WARN_64_TO_32_BIT_CONVERSION = YES;
				GCC_WARN_ABOUT_RETURN_TYPE = YES_ERROR;
				GCC_WARN_UNDECLARED_SELECTOR = YES;
				GCC_WARN_UNINITIALIZED_AUTOS = YES_AGGRESSIVE;
				GCC_WARN_UNUSED_FUNCTION = YES;
				GCC_WARN_UNUSED_VARIABLE = YES;
				IPHONEOS_DEPLOYMENT_TARGET = 14.0;
				MTL_ENABLE_DEBUG_INFO = NO;
				MTL_FAST_MATH = YES;
				SDKROOT = iphoneos;
				SWIFT_COMPILATION_MODE = wholemodule;
				SWIFT_OPTIMIZATION_LEVEL = "-O";
				VALIDATE_PRODUCT = YES;
			};
			name = Release;
		};
		BF8428F725274558003BC746 /* Debug */ = {
			isa = XCBuildConfiguration;
			buildSettings = {
				ASSETCATALOG_COMPILER_APPICON_NAME = AppIcon;
				ASSETCATALOG_COMPILER_GLOBAL_ACCENT_COLOR_NAME = AccentColor;
				CODE_SIGN_STYLE = Automatic;
				DEVELOPMENT_TEAM = 872HCG8AJ3;
				INFOPLIST_FILE = 295368_PresentationController/Info.plist;
				LD_RUNPATH_SEARCH_PATHS = (
					"$(inherited)",
					"@executable_path/Frameworks",
				);
				PRODUCT_BUNDLE_IDENTIFIER = "TsukubaDepot.net.-95368-PresentationController";
				PRODUCT_NAME = "$(TARGET_NAME)";
				SWIFT_VERSION = 5.0;
				TARGETED_DEVICE_FAMILY = "1,2";
			};
			name = Debug;
		};
		BF8428F825274558003BC746 /* Release */ = {
			isa = XCBuildConfiguration;
			buildSettings = {
				ASSETCATALOG_COMPILER_APPICON_NAME = AppIcon;
				ASSETCATALOG_COMPILER_GLOBAL_ACCENT_COLOR_NAME = AccentColor;
				CODE_SIGN_STYLE = Automatic;
				DEVELOPMENT_TEAM = 872HCG8AJ3;
				INFOPLIST_FILE = 295368_PresentationController/Info.plist;
				LD_RUNPATH_SEARCH_PATHS = (
					"$(inherited)",
					"@executable_path/Frameworks",
				);
				PRODUCT_BUNDLE_IDENTIFIER = "TsukubaDepot.net.-95368-PresentationController";
				PRODUCT_NAME = "$(TARGET_NAME)";
				SWIFT_VERSION = 5.0;
				TARGETED_DEVICE_FAMILY = "1,2";
			};
			name = Release;
		};
/* End XCBuildConfiguration section */

/* Begin XCConfigurationList section */
		BF8428DD2527454E003BC746 /* Build configuration list for PBXProject "295368_PresentationController" */ = {
			isa = XCConfigurationList;
			buildConfigurations = (
				BF8428F425274558003BC746 /* Debug */,
				BF8428F525274558003BC746 /* Release */,
			);
			defaultConfigurationIsVisible = 0;
			defaultConfigurationName = Release;
		};
		BF8428F625274558003BC746 /* Build configuration list for PBXNativeTarget "295368_PresentationController" */ = {
			isa = XCConfigurationList;
			buildConfigurations = (
				BF8428F725274558003BC746 /* Debug */,
				BF8428F825274558003BC746 /* Release */,
			);
			defaultConfigurationIsVisible = 0;
			defaultConfigurationName = Release;
		};
/* End XCConfigurationList section */
	};
	rootObject = BF8428DA2527454E003BC746 /* Project object */;
}
